
Microsoft Visual Studio Solution File, Format Version 12.00
# Visual Studio Version 16
VisualStudioVersion = 16.0.29409.12
MinimumVisualStudioVersion = 10.0.40219.1
Project("{9A19103F-16F7-4668-BE54-9A1E7A4F7556}") = "Nbic.References", "Nbic.References\Nbic.References.csproj", "{8959D747-7BDA-480B-9F6F-0EE5FA3C054C}"
EndProject
Project("{2150E333-8FDC-42A3-9474-1A3956D46DE8}") = "Solution", "Solution", "{69A2E534-0B87-456E-B931-E0C42F48BED5}"
	ProjectSection(SolutionItems) = preProject
		.travis.yml = .travis.yml
		deploy.sh = deploy.sh
		README.md = README.md
	EndProjectSection
EndProject
Project("{9A19103F-16F7-4668-BE54-9A1E7A4F7556}") = "Nbic.References.Public", "Nbic.References.Model\Nbic.References.Public.csproj", "{BD5A3AD6-BF68-4398-8EE4-A50C7FE5FAF4}"
EndProject
Project("{9A19103F-16F7-4668-BE54-9A1E7A4F7556}") = "Nbic.References.EFCore", "Nbic.References.EFCore\Nbic.References.EFCore.csproj", "{BC6E3FB5-4F74-4CF3-B667-791543AD105E}"
EndProject
Project("{9A19103F-16F7-4668-BE54-9A1E7A4F7556}") = "Nbic.References.Tests", "Nbic.References.Tests\Nbic.References.Tests.csproj", "{9DD48F8F-28B8-4C33-9C4C-339C0B360028}"
EndProject
Project("{FAE04EC0-301F-11D3-BF4B-00C04F79EFBC}") = "Nbic.Indexer", "Nbic.Indexer\Nbic.Indexer.csproj", "{D72460C7-500D-44FD-A48C-B765063E6413}"
EndProject
Global
	GlobalSection(SolutionConfigurationPlatforms) = preSolution
		Debug|Any CPU = Debug|Any CPU
		Release|Any CPU = Release|Any CPU
	EndGlobalSection
	GlobalSection(ProjectConfigurationPlatforms) = postSolution
		{8959D747-7BDA-480B-9F6F-0EE5FA3C054C}.Debug|Any CPU.ActiveCfg = Debug|Any CPU
		{8959D747-7BDA-480B-9F6F-0EE5FA3C054C}.Debug|Any CPU.Build.0 = Debug|Any CPU
		{8959D747-7BDA-480B-9F6F-0EE5FA3C054C}.Release|Any CPU.ActiveCfg = Release|Any CPU
		{8959D747-7BDA-480B-9F6F-0EE5FA3C054C}.Release|Any CPU.Build.0 = Release|Any CPU
		{BD5A3AD6-BF68-4398-8EE4-A50C7FE5FAF4}.Debug|Any CPU.ActiveCfg = Debug|Any CPU
		{BD5A3AD6-BF68-4398-8EE4-A50C7FE5FAF4}.Debug|Any CPU.Build.0 = Debug|Any CPU
		{BD5A3AD6-BF68-4398-8EE4-A50C7FE5FAF4}.Release|Any CPU.ActiveCfg = Release|Any CPU
		{BD5A3AD6-BF68-4398-8EE4-A50C7FE5FAF4}.Release|Any CPU.Build.0 = Release|Any CPU
		{BC6E3FB5-4F74-4CF3-B667-791543AD105E}.Debug|Any CPU.ActiveCfg = Debug|Any CPU
		{BC6E3FB5-4F74-4CF3-B667-791543AD105E}.Debug|Any CPU.Build.0 = Debug|Any CPU
		{BC6E3FB5-4F74-4CF3-B667-791543AD105E}.Release|Any CPU.ActiveCfg = Release|Any CPU
		{BC6E3FB5-4F74-4CF3-B667-791543AD105E}.Release|Any CPU.Build.0 = Release|Any CPU
		{9DD48F8F-28B8-4C33-9C4C-339C0B360028}.Debug|Any CPU.ActiveCfg = Debug|Any CPU
		{9DD48F8F-28B8-4C33-9C4C-339C0B360028}.Debug|Any CPU.Build.0 = Debug|Any CPU
		{9DD48F8F-28B8-4C33-9C4C-339C0B360028}.Release|Any CPU.ActiveCfg = Release|Any CPU
		{9DD48F8F-28B8-4C33-9C4C-339C0B360028}.Release|Any CPU.Build.0 = Release|Any CPU
		{D72460C7-500D-44FD-A48C-B765063E6413}.Debug|Any CPU.ActiveCfg = Debug|Any CPU
		{D72460C7-500D-44FD-A48C-B765063E6413}.Debug|Any CPU.Build.0 = Debug|Any CPU
		{D72460C7-500D-44FD-A48C-B765063E6413}.Release|Any CPU.ActiveCfg = Release|Any CPU
		{D72460C7-500D-44FD-A48C-B765063E6413}.Release|Any CPU.Build.0 = Release|Any CPU
	EndGlobalSection
	GlobalSection(SolutionProperties) = preSolution
		HideSolutionNode = FALSE
	EndGlobalSection
	GlobalSection(ExtensibilityGlobals) = postSolution
		SolutionGuid = {61833C9A-6990-490D-88BD-5D79CA725359}
	EndGlobalSection
EndGlobal
