
Microsoft Visual Studio Solution File, Format Version 12.00
# Visual Studio 15
VisualStudioVersion = 15.0.28307.489
MinimumVisualStudioVersion = 10.0.40219.1
Project("{9A19103F-16F7-4668-BE54-9A1E7A4F7556}") = "Nbic.References", "Nbic.References\Nbic.References.csproj", "{8959D747-7BDA-480B-9F6F-0EE5FA3C054C}"
EndProject
Global
	GlobalSection(SolutionConfigurationPlatforms) = preSolution
		Debug|Any CPU = Debug|Any CPU
		Release|Any CPU = Release|Any CPU
	EndGlobalSection
	GlobalSection(ProjectConfigurationPlatforms) = postSolution
		{8959D747-7BDA-480B-9F6F-0EE5FA3C054C}.Debug|Any CPU.ActiveCfg = Debug|Any CPU
		{8959D747-7BDA-480B-9F6F-0EE5FA3C054C}.Debug|Any CPU.Build.0 = Debug|Any CPU
		{8959D747-7BDA-480B-9F6F-0EE5FA3C054C}.Release|Any CPU.ActiveCfg = Release|Any CPU
		{8959D747-7BDA-480B-9F6F-0EE5FA3C054C}.Release|Any CPU.Build.0 = Release|Any CPU
	EndGlobalSection
	GlobalSection(SolutionProperties) = preSolution
		HideSolutionNode = FALSE
	EndGlobalSection
	GlobalSection(ExtensibilityGlobals) = postSolution
		SolutionGuid = {61833C9A-6990-490D-88BD-5D79CA725359}
	EndGlobalSection
EndGlobal
